
Microsoft Visual Studio Solution File, Format Version 12.00
# Visual Studio 2015
Project("{FAE04EC0-301F-11D3-BF4B-00C04F79EFBC}") = "HoverBlast.CSharp", "HoverBlast.CSharp.csproj", "{B674F007-5AA7-3DA3-8552-63C3E2E4C95B}"
EndProject
Global
	GlobalSection(SolutionConfigurationPlatforms) = preSolution
		Debug|Any CPU = Debug|Any CPU
		Release|Any CPU = Release|Any CPU
	EndGlobalSection
	GlobalSection(ProjectConfigurationPlatforms) = postSolution
		{B674F007-5AA7-3DA3-8552-63C3E2E4C95B}.Debug|Any CPU.ActiveCfg = Debug|Any CPU
		{B674F007-5AA7-3DA3-8552-63C3E2E4C95B}.Debug|Any CPU.Build.0 = Debug|Any CPU
		{B674F007-5AA7-3DA3-8552-63C3E2E4C95B}.Release|Any CPU.ActiveCfg = Release|Any CPU
		{B674F007-5AA7-3DA3-8552-63C3E2E4C95B}.Release|Any CPU.Build.0 = Release|Any CPU
	EndGlobalSection
	GlobalSection(SolutionProperties) = preSolution
		HideSolutionNode = FALSE
	EndGlobalSection
EndGlobal
